
Microsoft Visual Studio Solution File, Format Version 12.00
# Visual Studio Version 17
VisualStudioVersion = 17.5.33424.131
MinimumVisualStudioVersion = 10.0.40219.1
Project("{9A19103F-16F7-4668-BE54-9A1E7A4F7556}") = "CatalogAPI", "CatalogAPI\CatalogAPI.csproj", "{6E7540A6-4516-4014-95E6-6DDE20099D6E}"
EndProject
Project("{E53339B2-1760-4266-BCC7-CA923CBCF16C}") = "docker-compose", "docker-compose.dcproj", "{72D56AB1-1323-45CB-B2D6-88D481D70C7E}"
EndProject
Project("{9A19103F-16F7-4668-BE54-9A1E7A4F7556}") = "BasketAPI", "BasketAPI\BasketAPI.csproj", "{28303F74-0D10-42E8-89CE-75201C704C58}"
EndProject
Project("{9A19103F-16F7-4668-BE54-9A1E7A4F7556}") = "DiscountAPI", "DiscountAPI\DiscountAPI.csproj", "{A3B0ACC8-E19B-46C4-92B2-04B4ADD7415F}"
EndProject
Project("{FAE04EC0-301F-11D3-BF4B-00C04F79EFBC}") = "DiscountGrpc", "DiscountGrpc\DiscountGrpc.csproj", "{CEC66C2B-9501-4F06-97C4-950C53B568E0}"
EndProject
Global
	GlobalSection(SolutionConfigurationPlatforms) = preSolution
		Debug|Any CPU = Debug|Any CPU
		Release|Any CPU = Release|Any CPU
	EndGlobalSection
	GlobalSection(ProjectConfigurationPlatforms) = postSolution
		{6E7540A6-4516-4014-95E6-6DDE20099D6E}.Debug|Any CPU.ActiveCfg = Debug|Any CPU
		{6E7540A6-4516-4014-95E6-6DDE20099D6E}.Debug|Any CPU.Build.0 = Debug|Any CPU
		{6E7540A6-4516-4014-95E6-6DDE20099D6E}.Release|Any CPU.ActiveCfg = Release|Any CPU
		{6E7540A6-4516-4014-95E6-6DDE20099D6E}.Release|Any CPU.Build.0 = Release|Any CPU
		{72D56AB1-1323-45CB-B2D6-88D481D70C7E}.Debug|Any CPU.ActiveCfg = Debug|Any CPU
		{72D56AB1-1323-45CB-B2D6-88D481D70C7E}.Debug|Any CPU.Build.0 = Debug|Any CPU
		{72D56AB1-1323-45CB-B2D6-88D481D70C7E}.Release|Any CPU.ActiveCfg = Release|Any CPU
		{72D56AB1-1323-45CB-B2D6-88D481D70C7E}.Release|Any CPU.Build.0 = Release|Any CPU
		{28303F74-0D10-42E8-89CE-75201C704C58}.Debug|Any CPU.ActiveCfg = Debug|Any CPU
		{28303F74-0D10-42E8-89CE-75201C704C58}.Debug|Any CPU.Build.0 = Debug|Any CPU
		{28303F74-0D10-42E8-89CE-75201C704C58}.Release|Any CPU.ActiveCfg = Release|Any CPU
		{28303F74-0D10-42E8-89CE-75201C704C58}.Release|Any CPU.Build.0 = Release|Any CPU
		{A3B0ACC8-E19B-46C4-92B2-04B4ADD7415F}.Debug|Any CPU.ActiveCfg = Debug|Any CPU
		{A3B0ACC8-E19B-46C4-92B2-04B4ADD7415F}.Debug|Any CPU.Build.0 = Debug|Any CPU
		{A3B0ACC8-E19B-46C4-92B2-04B4ADD7415F}.Release|Any CPU.ActiveCfg = Release|Any CPU
		{A3B0ACC8-E19B-46C4-92B2-04B4ADD7415F}.Release|Any CPU.Build.0 = Release|Any CPU
		{CEC66C2B-9501-4F06-97C4-950C53B568E0}.Debug|Any CPU.ActiveCfg = Debug|Any CPU
		{CEC66C2B-9501-4F06-97C4-950C53B568E0}.Debug|Any CPU.Build.0 = Debug|Any CPU
		{CEC66C2B-9501-4F06-97C4-950C53B568E0}.Release|Any CPU.ActiveCfg = Release|Any CPU
		{CEC66C2B-9501-4F06-97C4-950C53B568E0}.Release|Any CPU.Build.0 = Release|Any CPU
	EndGlobalSection
	GlobalSection(SolutionProperties) = preSolution
		HideSolutionNode = FALSE
	EndGlobalSection
	GlobalSection(ExtensibilityGlobals) = postSolution
		SolutionGuid = {6E63307C-3093-4EFA-A21F-21000D9C9889}
	EndGlobalSection
EndGlobal
